
Microsoft Visual Studio Solution File, Format Version 12.00
# Visual Studio Version 16
VisualStudioVersion = 16.0.30225.117
MinimumVisualStudioVersion = 15.0.26124.0
Project("{9A19103F-16F7-4668-BE54-9A1E7A4F7556}") = "StreamSample.Client", "StreamSample.Client\StreamSample.Client.csproj", "{7871EBED-6CDB-4C37-A0DE-028E7183A0F6}"
EndProject
Project("{9A19103F-16F7-4668-BE54-9A1E7A4F7556}") = "StreamSample.Server", "StreamSample.Server\StreamSample.Server.csproj", "{D89E286D-20B1-4CE5-B835-3E95CFD1B229}"
EndProject
Project("{9A19103F-16F7-4668-BE54-9A1E7A4F7556}") = "WebSocketSample.Client", "WebSocketSample.Client\WebSocketSample.Client.csproj", "{29F86409-511B-422E-976E-99C95A238D70}"
EndProject
Project("{9A19103F-16F7-4668-BE54-9A1E7A4F7556}") = "WebSocketSample.Server", "WebSocketSample.Server\WebSocketSample.Server.csproj", "{A60CC71C-1BE3-4C38-BA91-AA5FD0BA074C}"
EndProject
Project("{9A19103F-16F7-4668-BE54-9A1E7A4F7556}") = "Contract", "Contract\Contract.csproj", "{CA149EDB-515C-4D5E-8281-3FB4F86F14C6}"
EndProject
Project("{FAE04EC0-301F-11D3-BF4B-00C04F79EFBC}") = "TcpSample.Client", "TcpSample.Client\TcpSample.Client.csproj", "{83976F9F-7BDD-491C-B51F-B7DF5DF76D64}"
EndProject
Project("{FAE04EC0-301F-11D3-BF4B-00C04F79EFBC}") = "TcpSample.Server", "TcpSample.Server\TcpSample.Server.csproj", "{6459629D-869C-488A-93CC-B3C4915A1922}"
EndProject
Global
	GlobalSection(SolutionConfigurationPlatforms) = preSolution
		Debug|Any CPU = Debug|Any CPU
		Debug|x64 = Debug|x64
		Debug|x86 = Debug|x86
		Release|Any CPU = Release|Any CPU
		Release|x64 = Release|x64
		Release|x86 = Release|x86
	EndGlobalSection
	GlobalSection(ProjectConfigurationPlatforms) = postSolution
		{7871EBED-6CDB-4C37-A0DE-028E7183A0F6}.Debug|Any CPU.ActiveCfg = Debug|Any CPU
		{7871EBED-6CDB-4C37-A0DE-028E7183A0F6}.Debug|Any CPU.Build.0 = Debug|Any CPU
		{7871EBED-6CDB-4C37-A0DE-028E7183A0F6}.Debug|x64.ActiveCfg = Debug|Any CPU
		{7871EBED-6CDB-4C37-A0DE-028E7183A0F6}.Debug|x64.Build.0 = Debug|Any CPU
		{7871EBED-6CDB-4C37-A0DE-028E7183A0F6}.Debug|x86.ActiveCfg = Debug|Any CPU
		{7871EBED-6CDB-4C37-A0DE-028E7183A0F6}.Debug|x86.Build.0 = Debug|Any CPU
		{7871EBED-6CDB-4C37-A0DE-028E7183A0F6}.Release|Any CPU.ActiveCfg = Release|Any CPU
		{7871EBED-6CDB-4C37-A0DE-028E7183A0F6}.Release|Any CPU.Build.0 = Release|Any CPU
		{7871EBED-6CDB-4C37-A0DE-028E7183A0F6}.Release|x64.ActiveCfg = Release|Any CPU
		{7871EBED-6CDB-4C37-A0DE-028E7183A0F6}.Release|x64.Build.0 = Release|Any CPU
		{7871EBED-6CDB-4C37-A0DE-028E7183A0F6}.Release|x86.ActiveCfg = Release|Any CPU
		{7871EBED-6CDB-4C37-A0DE-028E7183A0F6}.Release|x86.Build.0 = Release|Any CPU
		{D89E286D-20B1-4CE5-B835-3E95CFD1B229}.Debug|Any CPU.ActiveCfg = Debug|Any CPU
		{D89E286D-20B1-4CE5-B835-3E95CFD1B229}.Debug|Any CPU.Build.0 = Debug|Any CPU
		{D89E286D-20B1-4CE5-B835-3E95CFD1B229}.Debug|x64.ActiveCfg = Debug|Any CPU
		{D89E286D-20B1-4CE5-B835-3E95CFD1B229}.Debug|x64.Build.0 = Debug|Any CPU
		{D89E286D-20B1-4CE5-B835-3E95CFD1B229}.Debug|x86.ActiveCfg = Debug|Any CPU
		{D89E286D-20B1-4CE5-B835-3E95CFD1B229}.Debug|x86.Build.0 = Debug|Any CPU
		{D89E286D-20B1-4CE5-B835-3E95CFD1B229}.Release|Any CPU.ActiveCfg = Release|Any CPU
		{D89E286D-20B1-4CE5-B835-3E95CFD1B229}.Release|Any CPU.Build.0 = Release|Any CPU
		{D89E286D-20B1-4CE5-B835-3E95CFD1B229}.Release|x64.ActiveCfg = Release|Any CPU
		{D89E286D-20B1-4CE5-B835-3E95CFD1B229}.Release|x64.Build.0 = Release|Any CPU
		{D89E286D-20B1-4CE5-B835-3E95CFD1B229}.Release|x86.ActiveCfg = Release|Any CPU
		{D89E286D-20B1-4CE5-B835-3E95CFD1B229}.Release|x86.Build.0 = Release|Any CPU
		{29F86409-511B-422E-976E-99C95A238D70}.Debug|Any CPU.ActiveCfg = Debug|Any CPU
		{29F86409-511B-422E-976E-99C95A238D70}.Debug|Any CPU.Build.0 = Debug|Any CPU
		{29F86409-511B-422E-976E-99C95A238D70}.Debug|x64.ActiveCfg = Debug|Any CPU
		{29F86409-511B-422E-976E-99C95A238D70}.Debug|x64.Build.0 = Debug|Any CPU
		{29F86409-511B-422E-976E-99C95A238D70}.Debug|x86.ActiveCfg = Debug|Any CPU
		{29F86409-511B-422E-976E-99C95A238D70}.Debug|x86.Build.0 = Debug|Any CPU
		{29F86409-511B-422E-976E-99C95A238D70}.Release|Any CPU.ActiveCfg = Release|Any CPU
		{29F86409-511B-422E-976E-99C95A238D70}.Release|Any CPU.Build.0 = Release|Any CPU
		{29F86409-511B-422E-976E-99C95A238D70}.Release|x64.ActiveCfg = Release|Any CPU
		{29F86409-511B-422E-976E-99C95A238D70}.Release|x64.Build.0 = Release|Any CPU
		{29F86409-511B-422E-976E-99C95A238D70}.Release|x86.ActiveCfg = Release|Any CPU
		{29F86409-511B-422E-976E-99C95A238D70}.Release|x86.Build.0 = Release|Any CPU
		{A60CC71C-1BE3-4C38-BA91-AA5FD0BA074C}.Debug|Any CPU.ActiveCfg = Debug|Any CPU
		{A60CC71C-1BE3-4C38-BA91-AA5FD0BA074C}.Debug|Any CPU.Build.0 = Debug|Any CPU
		{A60CC71C-1BE3-4C38-BA91-AA5FD0BA074C}.Debug|x64.ActiveCfg = Debug|Any CPU
		{A60CC71C-1BE3-4C38-BA91-AA5FD0BA074C}.Debug|x64.Build.0 = Debug|Any CPU
		{A60CC71C-1BE3-4C38-BA91-AA5FD0BA074C}.Debug|x86.ActiveCfg = Debug|Any CPU
		{A60CC71C-1BE3-4C38-BA91-AA5FD0BA074C}.Debug|x86.Build.0 = Debug|Any CPU
		{A60CC71C-1BE3-4C38-BA91-AA5FD0BA074C}.Release|Any CPU.ActiveCfg = Release|Any CPU
		{A60CC71C-1BE3-4C38-BA91-AA5FD0BA074C}.Release|Any CPU.Build.0 = Release|Any CPU
		{A60CC71C-1BE3-4C38-BA91-AA5FD0BA074C}.Release|x64.ActiveCfg = Release|Any CPU
		{A60CC71C-1BE3-4C38-BA91-AA5FD0BA074C}.Release|x64.Build.0 = Release|Any CPU
		{A60CC71C-1BE3-4C38-BA91-AA5FD0BA074C}.Release|x86.ActiveCfg = Release|Any CPU
		{A60CC71C-1BE3-4C38-BA91-AA5FD0BA074C}.Release|x86.Build.0 = Release|Any CPU
		{CA149EDB-515C-4D5E-8281-3FB4F86F14C6}.Debug|Any CPU.ActiveCfg = Debug|Any CPU
		{CA149EDB-515C-4D5E-8281-3FB4F86F14C6}.Debug|Any CPU.Build.0 = Debug|Any CPU
		{CA149EDB-515C-4D5E-8281-3FB4F86F14C6}.Debug|x64.ActiveCfg = Debug|Any CPU
		{CA149EDB-515C-4D5E-8281-3FB4F86F14C6}.Debug|x64.Build.0 = Debug|Any CPU
		{CA149EDB-515C-4D5E-8281-3FB4F86F14C6}.Debug|x86.ActiveCfg = Debug|Any CPU
		{CA149EDB-515C-4D5E-8281-3FB4F86F14C6}.Debug|x86.Build.0 = Debug|Any CPU
		{CA149EDB-515C-4D5E-8281-3FB4F86F14C6}.Release|Any CPU.ActiveCfg = Release|Any CPU
		{CA149EDB-515C-4D5E-8281-3FB4F86F14C6}.Release|Any CPU.Build.0 = Release|Any CPU
		{CA149EDB-515C-4D5E-8281-3FB4F86F14C6}.Release|x64.ActiveCfg = Release|Any CPU
		{CA149EDB-515C-4D5E-8281-3FB4F86F14C6}.Release|x64.Build.0 = Release|Any CPU
		{CA149EDB-515C-4D5E-8281-3FB4F86F14C6}.Release|x86.ActiveCfg = Release|Any CPU
		{CA149EDB-515C-4D5E-8281-3FB4F86F14C6}.Release|x86.Build.0 = Release|Any CPU
		{83976F9F-7BDD-491C-B51F-B7DF5DF76D64}.Debug|Any CPU.ActiveCfg = Debug|Any CPU
		{83976F9F-7BDD-491C-B51F-B7DF5DF76D64}.Debug|Any CPU.Build.0 = Debug|Any CPU
		{83976F9F-7BDD-491C-B51F-B7DF5DF76D64}.Debug|x64.ActiveCfg = Debug|Any CPU
		{83976F9F-7BDD-491C-B51F-B7DF5DF76D64}.Debug|x64.Build.0 = Debug|Any CPU
		{83976F9F-7BDD-491C-B51F-B7DF5DF76D64}.Debug|x86.ActiveCfg = Debug|Any CPU
		{83976F9F-7BDD-491C-B51F-B7DF5DF76D64}.Debug|x86.Build.0 = Debug|Any CPU
		{83976F9F-7BDD-491C-B51F-B7DF5DF76D64}.Release|Any CPU.ActiveCfg = Release|Any CPU
		{83976F9F-7BDD-491C-B51F-B7DF5DF76D64}.Release|Any CPU.Build.0 = Release|Any CPU
		{83976F9F-7BDD-491C-B51F-B7DF5DF76D64}.Release|x64.ActiveCfg = Release|Any CPU
		{83976F9F-7BDD-491C-B51F-B7DF5DF76D64}.Release|x64.Build.0 = Release|Any CPU
		{83976F9F-7BDD-491C-B51F-B7DF5DF76D64}.Release|x86.ActiveCfg = Release|Any CPU
		{83976F9F-7BDD-491C-B51F-B7DF5DF76D64}.Release|x86.Build.0 = Release|Any CPU
		{6459629D-869C-488A-93CC-B3C4915A1922}.Debug|Any CPU.ActiveCfg = Debug|Any CPU
		{6459629D-869C-488A-93CC-B3C4915A1922}.Debug|Any CPU.Build.0 = Debug|Any CPU
		{6459629D-869C-488A-93CC-B3C4915A1922}.Debug|x64.ActiveCfg = Debug|Any CPU
		{6459629D-869C-488A-93CC-B3C4915A1922}.Debug|x64.Build.0 = Debug|Any CPU
		{6459629D-869C-488A-93CC-B3C4915A1922}.Debug|x86.ActiveCfg = Debug|Any CPU
		{6459629D-869C-488A-93CC-B3C4915A1922}.Debug|x86.Build.0 = Debug|Any CPU
		{6459629D-869C-488A-93CC-B3C4915A1922}.Release|Any CPU.ActiveCfg = Release|Any CPU
		{6459629D-869C-488A-93CC-B3C4915A1922}.Release|Any CPU.Build.0 = Release|Any CPU
		{6459629D-869C-488A-93CC-B3C4915A1922}.Release|x64.ActiveCfg = Release|Any CPU
		{6459629D-869C-488A-93CC-B3C4915A1922}.Release|x64.Build.0 = Release|Any CPU
		{6459629D-869C-488A-93CC-B3C4915A1922}.Release|x86.ActiveCfg = Release|Any CPU
		{6459629D-869C-488A-93CC-B3C4915A1922}.Release|x86.Build.0 = Release|Any CPU
	EndGlobalSection
	GlobalSection(SolutionProperties) = preSolution
		HideSolutionNode = FALSE
	EndGlobalSection
	GlobalSection(ExtensibilityGlobals) = postSolution
		SolutionGuid = {979AAD71-279A-45B8-8303-6F3C35430AA1}
	EndGlobalSection
EndGlobal
